// !$*UTF8*$!
{
	archiveVersion = 1;
	classes = {
	};
	objectVersion = 55;
	objects = {

/* Begin PBXBuildFile section */
		BC7ECD5C282A186900003EAA /* Less_is_MoreApp.swift in Sources */ = {isa = PBXBuildFile; fileRef = BC7ECD5B282A186900003EAA /* Less_is_MoreApp.swift */; };
		BC7ECD5E282A186900003EAA /* ContentView.swift in Sources */ = {isa = PBXBuildFile; fileRef = BC7ECD5D282A186900003EAA /* ContentView.swift */; };
		BC7ECD60282A186A00003EAA /* Assets.xcassets in Resources */ = {isa = PBXBuildFile; fileRef = BC7ECD5F282A186A00003EAA /* Assets.xcassets */; };
		BC7ECD63282A186A00003EAA /* Preview Assets.xcassets in Resources */ = {isa = PBXBuildFile; fileRef = BC7ECD62282A186A00003EAA /* Preview Assets.xcassets */; };
		BC7ECD65282A186A00003EAA /* Persistence.swift in Sources */ = {isa = PBXBuildFile; fileRef = BC7ECD64282A186A00003EAA /* Persistence.swift */; };
		BC7ECD68282A186A00003EAA /* Less_is_More.xcdatamodeld in Sources */ = {isa = PBXBuildFile; fileRef = BC7ECD66282A186A00003EAA /* Less_is_More.xcdatamodeld */; };
		BC7ECD71282A18F600003EAA /* CloudKit.framework in Frameworks */ = {isa = PBXBuildFile; fileRef = BC7ECD70282A18F600003EAA /* CloudKit.framework */; };
		BC7ECD74282A1B9C00003EAA /* AddItemView.swift in Sources */ = {isa = PBXBuildFile; fileRef = BC7ECD73282A1B9C00003EAA /* AddItemView.swift */; };
		BCC8E000282A3DFD00AD4F0B /* CloudKitSyncMonitor in Frameworks */ = {isa = PBXBuildFile; productRef = BCC8DFFF282A3DFD00AD4F0B /* CloudKitSyncMonitor */; };
		BCC8E002282A3E2800AD4F0B /* SyncStatusView.swift in Sources */ = {isa = PBXBuildFile; fileRef = BCC8E001282A3E2800AD4F0B /* SyncStatusView.swift */; };
		BCC8E004282A416200AD4F0B /* ItemView.swift in Sources */ = {isa = PBXBuildFile; fileRef = BCC8E003282A416200AD4F0B /* ItemView.swift */; };
/* End PBXBuildFile section */

/* Begin PBXFileReference section */
		BC7ECD58282A186900003EAA /* Less is More.app */ = {isa = PBXFileReference; explicitFileType = wrapper.application; includeInIndex = 0; path = "Less is More.app"; sourceTree = BUILT_PRODUCTS_DIR; };
		BC7ECD5B282A186900003EAA /* Less_is_MoreApp.swift */ = {isa = PBXFileReference; lastKnownFileType = sourcecode.swift; path = Less_is_MoreApp.swift; sourceTree = "<group>"; };
		BC7ECD5D282A186900003EAA /* ContentView.swift */ = {isa = PBXFileReference; lastKnownFileType = sourcecode.swift; path = ContentView.swift; sourceTree = "<group>"; };
		BC7ECD5F282A186A00003EAA /* Assets.xcassets */ = {isa = PBXFileReference; lastKnownFileType = folder.assetcatalog; path = Assets.xcassets; sourceTree = "<group>"; };
		BC7ECD62282A186A00003EAA /* Preview Assets.xcassets */ = {isa = PBXFileReference; lastKnownFileType = folder.assetcatalog; path = "Preview Assets.xcassets"; sourceTree = "<group>"; };
		BC7ECD64282A186A00003EAA /* Persistence.swift */ = {isa = PBXFileReference; lastKnownFileType = sourcecode.swift; path = Persistence.swift; sourceTree = "<group>"; };
		BC7ECD67282A186A00003EAA /* Less_is_More.xcdatamodel */ = {isa = PBXFileReference; lastKnownFileType = wrapper.xcdatamodel; path = Less_is_More.xcdatamodel; sourceTree = "<group>"; };
		BC7ECD6E282A18E000003EAA /* Less is More.entitlements */ = {isa = PBXFileReference; lastKnownFileType = text.plist.entitlements; path = "Less is More.entitlements"; sourceTree = "<group>"; };
		BC7ECD70282A18F600003EAA /* CloudKit.framework */ = {isa = PBXFileReference; lastKnownFileType = wrapper.framework; name = CloudKit.framework; path = System/Library/Frameworks/CloudKit.framework; sourceTree = SDKROOT; };
		BC7ECD72282A192800003EAA /* Less-is-More-Info.plist */ = {isa = PBXFileReference; lastKnownFileType = text.plist; path = "Less-is-More-Info.plist"; sourceTree = SOURCE_ROOT; };
		BC7ECD73282A1B9C00003EAA /* AddItemView.swift */ = {isa = PBXFileReference; lastKnownFileType = sourcecode.swift; path = AddItemView.swift; sourceTree = "<group>"; };
		BCC8E001282A3E2800AD4F0B /* SyncStatusView.swift */ = {isa = PBXFileReference; lastKnownFileType = sourcecode.swift; path = SyncStatusView.swift; sourceTree = "<group>"; };
		BCC8E003282A416200AD4F0B /* ItemView.swift */ = {isa = PBXFileReference; lastKnownFileType = sourcecode.swift; path = ItemView.swift; sourceTree = "<group>"; };
/* End PBXFileReference section */

/* Begin PBXFrameworksBuildPhase section */
		BC7ECD55282A186900003EAA /* Frameworks */ = {
			isa = PBXFrameworksBuildPhase;
			buildActionMask = 2147483647;
			files = (
				BC7ECD71282A18F600003EAA /* CloudKit.framework in Frameworks */,
				BCC8E000282A3DFD00AD4F0B /* CloudKitSyncMonitor in Frameworks */,
			);
			runOnlyForDeploymentPostprocessing = 0;
		};
/* End PBXFrameworksBuildPhase section */

/* Begin PBXGroup section */
		BC7ECD4F282A186900003EAA = {
			isa = PBXGroup;
			children = (
				BC7ECD5A282A186900003EAA /* Less is More */,
				BC7ECD59282A186900003EAA /* Products */,
				BC7ECD6F282A18F600003EAA /* Frameworks */,
			);
			sourceTree = "<group>";
		};
		BC7ECD59282A186900003EAA /* Products */ = {
			isa = PBXGroup;
			children = (
				BC7ECD58282A186900003EAA /* Less is More.app */,
			);
			name = Products;
			sourceTree = "<group>";
		};
		BC7ECD5A282A186900003EAA /* Less is More */ = {
			isa = PBXGroup;
			children = (
				BC7ECD72282A192800003EAA /* Less-is-More-Info.plist */,
				BC7ECD6E282A18E000003EAA /* Less is More.entitlements */,
				BC7ECD5B282A186900003EAA /* Less_is_MoreApp.swift */,
				BC7ECD5D282A186900003EAA /* ContentView.swift */,
				BCC8E003282A416200AD4F0B /* ItemView.swift */,
				BC7ECD73282A1B9C00003EAA /* AddItemView.swift */,
				BCC8E001282A3E2800AD4F0B /* SyncStatusView.swift */,
				BC7ECD5F282A186A00003EAA /* Assets.xcassets */,
				BC7ECD64282A186A00003EAA /* Persistence.swift */,
				BC7ECD66282A186A00003EAA /* Less_is_More.xcdatamodeld */,
				BC7ECD61282A186A00003EAA /* Preview Content */,
			);
			path = "Less is More";
			sourceTree = "<group>";
		};
		BC7ECD61282A186A00003EAA /* Preview Content */ = {
			isa = PBXGroup;
			children = (
				BC7ECD62282A186A00003EAA /* Preview Assets.xcassets */,
			);
			path = "Preview Content";
			sourceTree = "<group>";
		};
		BC7ECD6F282A18F600003EAA /* Frameworks */ = {
			isa = PBXGroup;
			children = (
				BC7ECD70282A18F600003EAA /* CloudKit.framework */,
			);
			name = Frameworks;
			sourceTree = "<group>";
		};
/* End PBXGroup section */

/* Begin PBXNativeTarget section */
		BC7ECD57282A186900003EAA /* Less is More */ = {
			isa = PBXNativeTarget;
			buildConfigurationList = BC7ECD6B282A186A00003EAA /* Build configuration list for PBXNativeTarget "Less is More" */;
			buildPhases = (
				BC7ECD54282A186900003EAA /* Sources */,
				BC7ECD55282A186900003EAA /* Frameworks */,
				BC7ECD56282A186900003EAA /* Resources */,
			);
			buildRules = (
			);
			dependencies = (
			);
			name = "Less is More";
			packageProductDependencies = (
				BCC8DFFF282A3DFD00AD4F0B /* CloudKitSyncMonitor */,
			);
			productName = "Less is More";
			productReference = BC7ECD58282A186900003EAA /* Less is More.app */;
			productType = "com.apple.product-type.application";
		};
/* End PBXNativeTarget section */

/* Begin PBXProject section */
		BC7ECD50282A186900003EAA /* Project object */ = {
			isa = PBXProject;
			attributes = {
				BuildIndependentTargetsInParallel = 1;
				LastSwiftUpdateCheck = 1330;
				LastUpgradeCheck = 1330;
				TargetAttributes = {
					BC7ECD57282A186900003EAA = {
						CreatedOnToolsVersion = 13.3;
					};
				};
			};
			buildConfigurationList = BC7ECD53282A186900003EAA /* Build configuration list for PBXProject "Less is More" */;
			compatibilityVersion = "Xcode 13.0";
			developmentRegion = en;
			hasScannedForEncodings = 0;
			knownRegions = (
				en,
				Base,
			);
			mainGroup = BC7ECD4F282A186900003EAA;
			packageReferences = (
				BCC8DFFE282A3DFD00AD4F0B /* XCRemoteSwiftPackageReference "CloudKitSyncMonitor" */,
			);
			productRefGroup = BC7ECD59282A186900003EAA /* Products */;
			projectDirPath = "";
			projectRoot = "";
			targets = (
				BC7ECD57282A186900003EAA /* Less is More */,
			);
		};
/* End PBXProject section */

/* Begin PBXResourcesBuildPhase section */
		BC7ECD56282A186900003EAA /* Resources */ = {
			isa = PBXResourcesBuildPhase;
			buildActionMask = 2147483647;
			files = (
				BC7ECD63282A186A00003EAA /* Preview Assets.xcassets in Resources */,
				BC7ECD60282A186A00003EAA /* Assets.xcassets in Resources */,
			);
			runOnlyForDeploymentPostprocessing = 0;
		};
/* End PBXResourcesBuildPhase section */

/* Begin PBXSourcesBuildPhase section */
		BC7ECD54282A186900003EAA /* Sources */ = {
			isa = PBXSourcesBuildPhase;
			buildActionMask = 2147483647;
			files = (
				BC7ECD65282A186A00003EAA /* Persistence.swift in Sources */,
				BCC8E002282A3E2800AD4F0B /* SyncStatusView.swift in Sources */,
				BC7ECD68282A186A00003EAA /* Less_is_More.xcdatamodeld in Sources */,
				BC7ECD5E282A186900003EAA /* ContentView.swift in Sources */,
				BCC8E004282A416200AD4F0B /* ItemView.swift in Sources */,
				BC7ECD5C282A186900003EAA /* Less_is_MoreApp.swift in Sources */,
				BC7ECD74282A1B9C00003EAA /* AddItemView.swift in Sources */,
			);
			runOnlyForDeploymentPostprocessing = 0;
		};
/* End PBXSourcesBuildPhase section */

/* Begin XCBuildConfiguration section */
		BC7ECD69282A186A00003EAA /* Debug */ = {
			isa = XCBuildConfiguration;
			buildSettings = {
				ALWAYS_SEARCH_USER_PATHS = NO;
				CLANG_ANALYZER_NONNULL = YES;
				CLANG_ANALYZER_NUMBER_OBJECT_CONVERSION = YES_AGGRESSIVE;
				CLANG_CXX_LANGUAGE_STANDARD = "gnu++17";
				CLANG_ENABLE_MODULES = YES;
				CLANG_ENABLE_OBJC_ARC = YES;
				CLANG_ENABLE_OBJC_WEAK = YES;
				CLANG_WARN_BLOCK_CAPTURE_AUTORELEASING = YES;
				CLANG_WARN_BOOL_CONVERSION = YES;
				CLANG_WARN_COMMA = YES;
				CLANG_WARN_CONSTANT_CONVERSION = YES;
				CLANG_WARN_DEPRECATED_OBJC_IMPLEMENTATIONS = YES;
				CLANG_WARN_DIRECT_OBJC_ISA_USAGE = YES_ERROR;
				CLANG_WARN_DOCUMENTATION_COMMENTS = YES;
				CLANG_WARN_EMPTY_BODY = YES;
				CLANG_WARN_ENUM_CONVERSION = YES;
				CLANG_WARN_INFINITE_RECURSION = YES;
				CLANG_WARN_INT_CONVERSION = YES;
				CLANG_WARN_NON_LITERAL_NULL_CONVERSION = YES;
				CLANG_WARN_OBJC_IMPLICIT_RETAIN_SELF = YES;
				CLANG_WARN_OBJC_LITERAL_CONVERSION = YES;
				CLANG_WARN_OBJC_ROOT_CLASS = YES_ERROR;
				CLANG_WARN_QUOTED_INCLUDE_IN_FRAMEWORK_HEADER = YES;
				CLANG_WARN_RANGE_LOOP_ANALYSIS = YES;
				CLANG_WARN_STRICT_PROTOTYPES = YES;
				CLANG_WARN_SUSPICIOUS_MOVE = YES;
				CLANG_WARN_UNGUARDED_AVAILABILITY = YES_AGGRESSIVE;
				CLANG_WARN_UNREACHABLE_CODE = YES;
				CLANG_WARN__DUPLICATE_METHOD_MATCH = YES;
				COPY_PHASE_STRIP = NO;
				DEBUG_INFORMATION_FORMAT = dwarf;
				ENABLE_STRICT_OBJC_MSGSEND = YES;
				ENABLE_TESTABILITY = YES;
				GCC_C_LANGUAGE_STANDARD = gnu11;
				GCC_DYNAMIC_NO_PIC = NO;
				GCC_NO_COMMON_BLOCKS = YES;
				GCC_OPTIMIZATION_LEVEL = 0;
				GCC_PREPROCESSOR_DEFINITIONS = (
					"DEBUG=1",
					"$(inherited)",
				);
				GCC_WARN_64_TO_32_BIT_CONVERSION = YES;
				GCC_WARN_ABOUT_RETURN_TYPE = YES_ERROR;
				GCC_WARN_UNDECLARED_SELECTOR = YES;
				GCC_WARN_UNINITIALIZED_AUTOS = YES_AGGRESSIVE;
				GCC_WARN_UNUSED_FUNCTION = YES;
				GCC_WARN_UNUSED_VARIABLE = YES;
				IPHONEOS_DEPLOYMENT_TARGET = 15.4;
				MTL_ENABLE_DEBUG_INFO = INCLUDE_SOURCE;
				MTL_FAST_MATH = YES;
				ONLY_ACTIVE_ARCH = YES;
				SDKROOT = iphoneos;
				SWIFT_ACTIVE_COMPILATION_CONDITIONS = DEBUG;
				SWIFT_OPTIMIZATION_LEVEL = "-Onone";
			};
			name = Debug;
		};
		BC7ECD6A282A186A00003EAA /* Release */ = {
			isa = XCBuildConfiguration;
			buildSettings = {
				ALWAYS_SEARCH_USER_PATHS = NO;
				CLANG_ANALYZER_NONNULL = YES;
				CLANG_ANALYZER_NUMBER_OBJECT_CONVERSION = YES_AGGRESSIVE;
				CLANG_CXX_LANGUAGE_STANDARD = "gnu++17";
				CLANG_ENABLE_MODULES = YES;
				CLANG_ENABLE_OBJC_ARC = YES;
				CLANG_ENABLE_OBJC_WEAK = YES;
				CLANG_WARN_BLOCK_CAPTURE_AUTORELEASING = YES;
				CLANG_WARN_BOOL_CONVERSION = YES;
				CLANG_WARN_COMMA = YES;
				CLANG_WARN_CONSTANT_CONVERSION = YES;
				CLANG_WARN_DEPRECATED_OBJC_IMPLEMENTATIONS = YES;
				CLANG_WARN_DIRECT_OBJC_ISA_USAGE = YES_ERROR;
				CLANG_WARN_DOCUMENTATION_COMMENTS = YES;
				CLANG_WARN_EMPTY_BODY = YES;
				CLANG_WARN_ENUM_CONVERSION = YES;
				CLANG_WARN_INFINITE_RECURSION = YES;
				CLANG_WARN_INT_CONVERSION = YES;
				CLANG_WARN_NON_LITERAL_NULL_CONVERSION = YES;
				CLANG_WARN_OBJC_IMPLICIT_RETAIN_SELF = YES;
				CLANG_WARN_OBJC_LITERAL_CONVERSION = YES;
				CLANG_WARN_OBJC_ROOT_CLASS = YES_ERROR;
				CLANG_WARN_QUOTED_INCLUDE_IN_FRAMEWORK_HEADER = YES;
				CLANG_WARN_RANGE_LOOP_ANALYSIS = YES;
				CLANG_WARN_STRICT_PROTOTYPES = YES;
				CLANG_WARN_SUSPICIOUS_MOVE = YES;
				CLANG_WARN_UNGUARDED_AVAILABILITY = YES_AGGRESSIVE;
				CLANG_WARN_UNREACHABLE_CODE = YES;
				CLANG_WARN__DUPLICATE_METHOD_MATCH = YES;
				COPY_PHASE_STRIP = NO;
				DEBUG_INFORMATION_FORMAT = "dwarf-with-dsym";
				ENABLE_NS_ASSERTIONS = NO;
				ENABLE_STRICT_OBJC_MSGSEND = YES;
				GCC_C_LANGUAGE_STANDARD = gnu11;
				GCC_NO_COMMON_BLOCKS = YES;
				GCC_WARN_64_TO_32_BIT_CONVERSION = YES;
				GCC_WARN_ABOUT_RETURN_TYPE = YES_ERROR;
				GCC_WARN_UNDECLARED_SELECTOR = YES;
				GCC_WARN_UNINITIALIZED_AUTOS = YES_AGGRESSIVE;
				GCC_WARN_UNUSED_FUNCTION = YES;
				GCC_WARN_UNUSED_VARIABLE = YES;
				IPHONEOS_DEPLOYMENT_TARGET = 15.4;
				MTL_ENABLE_DEBUG_INFO = NO;
				MTL_FAST_MATH = YES;
				SDKROOT = iphoneos;
				SWIFT_COMPILATION_MODE = wholemodule;
				SWIFT_OPTIMIZATION_LEVEL = "-O";
				VALIDATE_PRODUCT = YES;
			};
			name = Release;
		};
		BC7ECD6C282A186A00003EAA /* Debug */ = {
			isa = XCBuildConfiguration;
			buildSettings = {
				ASSETCATALOG_COMPILER_APPICON_NAME = AppIcon;
				ASSETCATALOG_COMPILER_GLOBAL_ACCENT_COLOR_NAME = AccentColor;
				CODE_SIGN_ENTITLEMENTS = "Less is More/Less is More.entitlements";
				CODE_SIGN_STYLE = Automatic;
				CURRENT_PROJECT_VERSION = 1;
				DEVELOPMENT_ASSET_PATHS = "\"Less is More/Preview Content\"";
				DEVELOPMENT_TEAM = 2DTPJ248VT;
				ENABLE_PREVIEWS = YES;
				GENERATE_INFOPLIST_FILE = YES;
				INFOPLIST_FILE = "Less-is-More-Info.plist";
				INFOPLIST_KEY_UIApplicationSceneManifest_Generation = YES;
				INFOPLIST_KEY_UIApplicationSupportsIndirectInputEvents = YES;
				INFOPLIST_KEY_UILaunchScreen_Generation = YES;
				INFOPLIST_KEY_UISupportedInterfaceOrientations_iPad = "UIInterfaceOrientationPortrait UIInterfaceOrientationPortraitUpsideDown UIInterfaceOrientationLandscapeLeft UIInterfaceOrientationLandscapeRight";
				INFOPLIST_KEY_UISupportedInterfaceOrientations_iPhone = "UIInterfaceOrientationPortrait UIInterfaceOrientationLandscapeLeft UIInterfaceOrientationLandscapeRight";
				INFOPLIST_KEY_UIUserInterfaceStyle = Dark;
				LD_RUNPATH_SEARCH_PATHS = (
					"$(inherited)",
					"@executable_path/Frameworks",
				);
				MARKETING_VERSION = 1.0;
				PRODUCT_BUNDLE_IDENTIFIER = "com.demo.Less-is-More";
				PRODUCT_NAME = "$(TARGET_NAME)";
				SUPPORTS_MACCATALYST = YES;
				SWIFT_EMIT_LOC_STRINGS = YES;
				SWIFT_VERSION = 5.0;
				TARGETED_DEVICE_FAMILY = "1,2";
			};
			name = Debug;
		};
		BC7ECD6D282A186A00003EAA /* Release */ = {
			isa = XCBuildConfiguration;
			buildSettings = {
				ASSETCATALOG_COMPILER_APPICON_NAME = AppIcon;
				ASSETCATALOG_COMPILER_GLOBAL_ACCENT_COLOR_NAME = AccentColor;
				CODE_SIGN_ENTITLEMENTS = "Less is More/Less is More.entitlements";
				CODE_SIGN_STYLE = Automatic;
				CURRENT_PROJECT_VERSION = 1;
				DEVELOPMENT_ASSET_PATHS = "\"Less is More/Preview Content\"";
				DEVELOPMENT_TEAM = 2DTPJ248VT;
				ENABLE_PREVIEWS = YES;
				GENERATE_INFOPLIST_FILE = YES;
				INFOPLIST_FILE = "Less-is-More-Info.plist";
				INFOPLIST_KEY_UIApplicationSceneManifest_Generation = YES;
				INFOPLIST_KEY_UIApplicationSupportsIndirectInputEvents = YES;
				INFOPLIST_KEY_UILaunchScreen_Generation = YES;
				INFOPLIST_KEY_UISupportedInterfaceOrientations_iPad = "UIInterfaceOrientationPortrait UIInterfaceOrientationPortraitUpsideDown UIInterfaceOrientationLandscapeLeft UIInterfaceOrientationLandscapeRight";
				INFOPLIST_KEY_UISupportedInterfaceOrientations_iPhone = "UIInterfaceOrientationPortrait UIInterfaceOrientationLandscapeLeft UIInterfaceOrientationLandscapeRight";
				INFOPLIST_KEY_UIUserInterfaceStyle = Dark;
				LD_RUNPATH_SEARCH_PATHS = (
					"$(inherited)",
					"@executable_path/Frameworks",
				);
				MARKETING_VERSION = 1.0;
				PRODUCT_BUNDLE_IDENTIFIER = "com.demo.Less-is-More";
				PRODUCT_NAME = "$(TARGET_NAME)";
				SUPPORTS_MACCATALYST = YES;
				SWIFT_EMIT_LOC_STRINGS = YES;
				SWIFT_VERSION = 5.0;
				TARGETED_DEVICE_FAMILY = "1,2";
			};
			name = Release;
		};
/* End XCBuildConfiguration section */

/* Begin XCConfigurationList section */
		BC7ECD53282A186900003EAA /* Build configuration list for PBXProject "Less is More" */ = {
			isa = XCConfigurationList;
			buildConfigurations = (
				BC7ECD69282A186A00003EAA /* Debug */,
				BC7ECD6A282A186A00003EAA /* Release */,
			);
			defaultConfigurationIsVisible = 0;
			defaultConfigurationName = Release;
		};
		BC7ECD6B282A186A00003EAA /* Build configuration list for PBXNativeTarget "Less is More" */ = {
			isa = XCConfigurationList;
			buildConfigurations = (
				BC7ECD6C282A186A00003EAA /* Debug */,
				BC7ECD6D282A186A00003EAA /* Release */,
			);
			defaultConfigurationIsVisible = 0;
			defaultConfigurationName = Release;
		};
/* End XCConfigurationList section */

/* Begin XCRemoteSwiftPackageReference section */
		BCC8DFFE282A3DFD00AD4F0B /* XCRemoteSwiftPackageReference "CloudKitSyncMonitor" */ = {
			isa = XCRemoteSwiftPackageReference;
			repositoryURL = "https://github.com/ggruen/CloudKitSyncMonitor";
			requirement = {
				kind = upToNextMajorVersion;
				minimumVersion = 1.0.0;
			};
		};
/* End XCRemoteSwiftPackageReference section */

/* Begin XCSwiftPackageProductDependency section */
		BCC8DFFF282A3DFD00AD4F0B /* CloudKitSyncMonitor */ = {
			isa = XCSwiftPackageProductDependency;
			package = BCC8DFFE282A3DFD00AD4F0B /* XCRemoteSwiftPackageReference "CloudKitSyncMonitor" */;
			productName = CloudKitSyncMonitor;
		};
/* End XCSwiftPackageProductDependency section */

/* Begin XCVersionGroup section */
		BC7ECD66282A186A00003EAA /* Less_is_More.xcdatamodeld */ = {
			isa = XCVersionGroup;
			children = (
				BC7ECD67282A186A00003EAA /* Less_is_More.xcdatamodel */,
			);
			currentVersion = BC7ECD67282A186A00003EAA /* Less_is_More.xcdatamodel */;
			path = Less_is_More.xcdatamodeld;
			sourceTree = "<group>";
			versionGroupType = wrapper.xcdatamodel;
		};
/* End XCVersionGroup section */
	};
	rootObject = BC7ECD50282A186900003EAA /* Project object */;
}
